github.com/gorilla/mux v1.8.0 h1:i40aqfkR1h2SlN9hojwV5ZA91wcXFOvkdNIeFDP5koI=
github.com/gorilla/mux v1.8.0/go.mod h1:DVbg23sWSpFRCP0SfiEN6jmj59UnW/n46BH5rLB71So=
github.com/joho/godotenv v1.3.0 h1:Zjp+RcGpHhGlrMbJzXTrZZPrWj+1vfm90La1wgB6Bhc=
github.com/joho/godotenv v1.3.0/go.mod h1:7hK45KPybAkOC6peb+G5yklZfMxEjkZhHbwpqxOKXbg=
github.com/stytchauth/stytch-go/v3 v3.0.0 h1:VmU7kka7GPkz3UzU10C+H1+QQVYpws2YzaFnMWmU2x8=
github.com/stytchauth/stytch-go/v3 v3.0.0/go.mod h1:4iWc/mOBMJikiLo0qyU5iPTZVnKMXUD2GXx9Pp5EOOQ=
